
Microsoft Visual Studio Solution File, Format Version 12.00
# Visual Studio Version 17
VisualStudioVersion = 17.13.35828.75 d17.13
MinimumVisualStudioVersion = 10.0.40219.1
Project("{FAE04EC0-301F-11D3-BF4B-00C04F79EFBC}") = "MainApp", "MainApp\MainApp.csproj", "{899B287E-D85F-44A3-9C90-2C8F028A8CF8}"
EndProject
Global
	GlobalSection(SolutionConfigurationPlatforms) = preSolution
		Debug|Any CPU = Debug|Any CPU
		Release|Any CPU = Release|Any CPU
	EndGlobalSection
	GlobalSection(ProjectConfigurationPlatforms) = postSolution
		{899B287E-D85F-44A3-9C90-2C8F028A8CF8}.Debug|Any CPU.ActiveCfg = Debug|Any CPU
		{899B287E-D85F-44A3-9C90-2C8F028A8CF8}.Debug|Any CPU.Build.0 = Debug|Any CPU
		{899B287E-D85F-44A3-9C90-2C8F028A8CF8}.Release|Any CPU.ActiveCfg = Release|Any CPU
		{899B287E-D85F-44A3-9C90-2C8F028A8CF8}.Release|Any CPU.Build.0 = Release|Any CPU
	EndGlobalSection
	GlobalSection(SolutionProperties) = preSolution
		HideSolutionNode = FALSE
	EndGlobalSection
	GlobalSection(ExtensibilityGlobals) = postSolution
		SolutionGuid = {D945AED9-6E75-4465-A069-3B28BD368072}
	EndGlobalSection
EndGlobal
